version = 1
revision = 3
requires-python = ">=3.10"

[[package]]
name = "grpcio"
version = "1.81.1"
source = { registry = "https://pypi.org/simple" }
dependencies = [
    { name = "typing-extensions" },
]
sdist = { url = "https://files.pythonhosted.org/packages/b0/b5/1ff353970a87eda4c98251e34d2dfd214abd4982dc89119c9252a2a482d2/grpcio-1.81.1.tar.gz", hash = "sha256:6fa10a767143a5e82e8eaab53918af0cd8909a57a27f8cb2288b80a613ac671b", size = 13026582, upload-time = "2026-06-11T12:46:51.673Z" }
wheels = [
    { url = "https://files.pythonhosted.org/packages/9a/d5/f2b159d8eec08be2a855ef698f5b6f7f9fdda022e4dd9e4f5d968affd678/grpcio-1.81.1-cp310-cp310-linux_armv7l.whl", hash = "sha256:6f9a0c9c1cc15c112d1c053064fd032b64917062292c3d70aea280e02ae10b77", size = 6086868, upload-time = "2026-06-11T12:44:19.364Z" },
    { url = "https://files.pythonhosted.org/packages/80/41/9c95232b94b219ed8b14029d9cd000e0381cafba869c451dda60af84f4ba/grpcio-1.81.1-cp310-cp310-macosx_11_0_universal2.whl", hash = "sha256:69ef28e54fc85397f91b8c19592b8ef3d81952080366914823bd8572a2958120", size = 12062291, upload-time = "2026-06-11T12:44:27.142Z" },
    { url = "https://files.pythonhosted.org/packages/83/8b/bd9284bdd665ddf877a3e8bc2930d1bcf6ebdbae7b0da5c783dc26bd6e33/grpcio-1.81.1-cp310-cp310-manylinux2014_aarch64.manylinux_2_17_aarch64.whl", hash = "sha256:15641444eca4a29358107b3dceb74c1c6305c55c822fd199b458aaea4068a7fb", size = 6635242, upload-time = "2026-06-11T12:44:30.741Z" },
    { url = "https://files.pythonhosted.org/packages/60/24/78fa025517a925f1a17da71c4ef9d5f1c6f9fa65af22dfb523c5c6317a21/grpcio-1.81.1-cp310-cp310-manylinux2014_i686.manylinux_2_17_i686.whl", hash = "sha256:d4b2dddfc219f54f956ccd53cf76a1d338ffe68fc7f2849ec9c7feb9927ff692", size = 7332974, upload-time = "2026-06-11T12:44:33.72Z" },
    { url = "https://files.pythonhosted.org/packages/f7/11/402295b388dd35861007f8a26a37c2e2f284212d57bdf407c31f36043746/grpcio-1.81.1-cp310-cp310-manylinux2014_x86_64.manylinux_2_17_x86_64.whl", hash = "sha256:ca1cc11d82677b9662082e5478b7528e2b7db7beaa6bdff42bd62789d81be399", size = 6836597, upload-time = "2026-06-11T12:44:36.108Z" },
    { url = "https://files.pythonhosted.org/packages/4d/71/37b10fd4fd579ffade6e695c14e9df5e8cba9e2365b81c131da438b67c34/grpcio-1.81.1-cp310-cp310-musllinux_1_2_aarch64.whl", hash = "sha256:aa2ba7d2ad6df4d80127cea65e5b8d5e2c3adbf153ff4804452836328aca7c54", size = 7440660, upload-time = "2026-06-11T12:44:38.664Z" },
    { url = "https://files.pythonhosted.org/packages/4a/d5/40203f828abc83d458b634666df6df13778032f178c03845ad5a93682388/grpcio-1.81.1-cp310-cp310-musllinux_1_2_i686.whl", hash = "sha256:592b5fee597faa91cce2dd294dd7d9a1c83d76c4dbf877e33ec1adb866b2fbed", size = 8443171, upload-time = "2026-06-11T12:44:41.678Z" },
    { url = "https://files.pythonhosted.org/packages/eb/2c/0ed82ea35b5ec595e10444940c1db8c0e0ef57aa46bc8797d5ff838a219e/grpcio-1.81.1-cp310-cp310-musllinux_1_2_x86_64.whl", hash = "sha256:62481553b1793a27e9b9c3cf9e5bd483ef045ca72462592074b46d42b0c4d9b9", size = 7868905, upload-time = "2026-06-11T12:44:44.854Z" },
    { url = "https://files.pythonhosted.org/packages/9e/1f/dcbdc1a68a07cc2b631c3098953794f17d75f93426a019240b90ce5423d6/grpcio-1.81.1-cp310-cp310-win32.whl", hash = "sha256:bb693b1e3d9a2f3fd228e2110daf4b5aeedb36761ca1e4282f74725f6d89f611", size = 4202215, upload-time = "2026-06-11T12:44:47.165Z" },
    { url = "https://files.pythonhosted.org/packages/75/a1/d7ab9f1f42efcb7d9e6111d38be6b367737a72ea2c534e1f55c81e1b6436/grpcio-1.81.1-cp310-cp310-win_amd64.whl", hash = "sha256:88268ca418cacea64cecb0d1d600d3c6b3a8038fcba02e1e205178c5b1f47661", size = 4936582, upload-time = "2026-06-11T12:44:49.479Z" },
    { url = "https://files.pythonhosted.org/packages/52/ea/1c2fa386b718ff493225e61cfc052ef400b4d6ffc54cbe261026432624b5/grpcio-1.81.1-cp311-cp311-linux_armv7l.whl", hash = "sha256:d71d30f2d92f67d944631c523713934fee37292469e182ebcd2c1dd8a64ce53f", size = 6093112, upload-time = "2026-06-11T12:44:52.131Z" },
    { url = "https://files.pythonhosted.org/packages/2b/18/acf45fa8bd1bc5d7b0c2fd3dc4c209379fbd5bb396b440b68a83342226b7/grpcio-1.81.1-cp311-cp311-macosx_11_0_universal2.whl", hash = "sha256:b137f4bf3ada9dc44d411478decc6ff09a79ed30b306cd2abaa98408c3588137", size = 12074277, upload-time = "2026-06-11T12:44:55.354Z" },
    { url = "https://files.pythonhosted.org/packages/48/d7/ee86a60699b7db039f772a2c4a7e4facc7138984ff42c0130933a0063884/grpcio-1.81.1-cp311-cp311-manylinux2014_aarch64.manylinux_2_17_aarch64.whl", hash = "sha256:a3acb384427816dd5d470f47e62137b87f74da694faa8a50147012cf40df276a", size = 6640348, upload-time = "2026-06-11T12:44:59.223Z" },
    { url = "https://files.pythonhosted.org/packages/26/ee/d2de5e47378ffc207d476c230fea3be4d2601edbce9995f4fe45535d4896/grpcio-1.81.1-cp311-cp311-manylinux2014_i686.manylinux_2_17_i686.whl", hash = "sha256:f9a0ebbe45c29b5e5866593c12b78bd9035f0f0f0d4bc8361680cd580d99db49", size = 7331842, upload-time = "2026-06-11T12:45:02.001Z" },
    { url = "https://files.pythonhosted.org/packages/23/d6/abeda5c2b896a0b341584fe5ac411bbf72e197a9a374c355fb90965e08d2/grpcio-1.81.1-cp311-cp311-manylinux2014_x86_64.manylinux_2_17_x86_64.whl", hash = "sha256:0a37165cc80b1a368384b383e63a4c38116a10467ae44c904d2d7468c4470ec2", size = 6842229, upload-time = "2026-06-11T12:45:04.76Z" },
    { url = "https://files.pythonhosted.org/packages/10/1c/1f0da7d590b4aeee006826ba568d0e419ca14b23e18f901a3da3e9fba613/grpcio-1.81.1-cp311-cp311-musllinux_1_2_aarch64.whl", hash = "sha256:6282caffb41ec326d4cb67ca9cf53b739d1b2f975a2acb498c7418e9f7d9a416", size = 7446096, upload-time = "2026-06-11T12:45:07.499Z" },
    { url = "https://files.pythonhosted.org/packages/6a/81/5c505d508f7c887aa7982d21443a4126597c80d34b0bcf40f9cec576d7f3/grpcio-1.81.1-cp311-cp311-musllinux_1_2_i686.whl", hash = "sha256:a35009284d0d3d5c2c9601c164a911b8b4331608d98a9a66d47d97bb2f522b70", size = 8445238, upload-time = "2026-06-11T12:45:10.243Z" },
    { url = "https://files.pythonhosted.org/packages/f7/b2/524847365122ee509ca17bcc4e092198b700e94af7bfd5bb5e6dd9f3ee66/grpcio-1.81.1-cp311-cp311-musllinux_1_2_x86_64.whl", hash = "sha256:1b22c80559854b789a01fd89e8929b3798a156c0829b5282a8939f33ad4115ad", size = 7873989, upload-time = "2026-06-11T12:45:13.102Z" },
    { url = "https://files.pythonhosted.org/packages/18/fa/07c037c50b006909d1d13a5848774f8aa7b242f70dc03a035c64eea0e6db/grpcio-1.81.1-cp311-cp311-win32.whl", hash = "sha256:428bec0161b48d8cf583c068591bc0016d0d9cfff52462b72b3884861ea768c5", size = 4202223, upload-time = "2026-06-11T12:45:16.166Z" },
    { url = "https://files.pythonhosted.org/packages/41/ed/6bff15376920942fac6b95b9802752b837437172c9e8fc2d3170546b89cc/grpcio-1.81.1-cp311-cp311-win_amd64.whl", hash = "sha256:30e825f6848d9f18bba350ed6c75c1b02a0b5184474a31db9a32b1fa66fd8c79", size = 4941303, upload-time = "2026-06-11T12:45:18.724Z" },
    { url = "https://files.pythonhosted.org/packages/85/07/9a979c81738863a738dc23d65177056e71fbb2db817740ed870b33434e7a/grpcio-1.81.1-cp312-cp312-linux_armv7l.whl", hash = "sha256:8b39472beafc0bdcafc4c8c73ad082ebfdb449d566897a61e7acb4fa88089115", size = 6053264, upload-time = "2026-06-11T12:45:21.017Z" },
    { url = "https://files.pythonhosted.org/packages/75/95/539706ca0d3bd40dbad583dc56fd883da941f37556b629132da5762781b9/grpcio-1.81.1-cp312-cp312-macosx_11_0_universal2.whl", hash = "sha256:12b7524c88d4026d3dcb7b0ebe16b6714f3b4af402ddd0f0639ab064a00c87c3", size = 12052560, upload-time = "2026-06-11T12:45:23.652Z" },
    { url = "https://files.pythonhosted.org/packages/e0/44/f257b7e0bd69c93b06c6cb8ac8d1b901ccb42bedabd83c1a4c77a71f8810/grpcio-1.81.1-cp312-cp312-manylinux2014_aarch64.manylinux_2_17_aarch64.whl", hash = "sha256:1e123f9b37edb8375fd74130d1f69c944bbf0a7b06761ae7211154b8759e94d2", size = 6595983, upload-time = "2026-06-11T12:45:26.963Z" },
    { url = "https://files.pythonhosted.org/packages/b9/f3/19782aa04c960968bef8c5539329d8e3bbc3364e2e46d19eb5e5cc5e43b7/grpcio-1.81.1-cp312-cp312-manylinux2014_i686.manylinux_2_17_i686.whl", hash = "sha256:2c2e2ae6867c2966b8daccc836d54a13218e0007e9a490aeb81dd05be64d22d7", size = 7303455, upload-time = "2026-06-11T12:45:29.707Z" },
    { url = "https://files.pythonhosted.org/packages/eb/8c/dea020b6d91508cd84463917a63149ec196ee7db505d032ae43fcb3303b9/grpcio-1.81.1-cp312-cp312-manylinux2014_x86_64.manylinux_2_17_x86_64.whl", hash = "sha256:766bc7c9a9c340342f4c864ccbda8e78111e4751f13b895812b9c148fb79e9d0", size = 6809167, upload-time = "2026-06-11T12:45:32.52Z" },
    { url = "https://files.pythonhosted.org/packages/1c/c7/3030dd940408083bd32cd95d634777a71605ade4887154d93e8a89244946/grpcio-1.81.1-cp312-cp312-musllinux_1_2_aarch64.whl", hash = "sha256:b259a04a737cb3496be0901328eb8b7552ed8df4865d8c8f1cf1bffcfc0776a3", size = 7412536, upload-time = "2026-06-11T12:45:35.403Z" },
    { url = "https://files.pythonhosted.org/packages/e0/dd/1172a9e42b168edcafefad6115346ef619a3fc02158bb170e66ced24bcdd/grpcio-1.81.1-cp312-cp312-musllinux_1_2_i686.whl", hash = "sha256:85b10a45b8993d195c4f3ff57025b8d1e11834909ee475c403bfa60cb4caefaf", size = 8408276, upload-time = "2026-06-11T12:45:37.78Z" },
    { url = "https://files.pythonhosted.org/packages/25/7a/71437c7f3596e5246155c515852795a85a1a8d228190212432b13b97a95d/grpcio-1.81.1-cp312-cp312-musllinux_1_2_x86_64.whl", hash = "sha256:8ea1936c26b99999b27479853039a7f34713f56c49375ad52b38535ec93a796c", size = 7849660, upload-time = "2026-06-11T12:45:40.627Z" },
    { url = "https://files.pythonhosted.org/packages/65/40/7debc0da45d2efebafb82da75644be347497fe4ee250514b8cd3b86ae8bf/grpcio-1.81.1-cp312-cp312-win32.whl", hash = "sha256:a185a04039df6cae8648bc8ab6d6fde7bf94f7188ecf7828e76ac52eef1e41d6", size = 4185819, upload-time = "2026-06-11T12:45:43.027Z" },
    { url = "https://files.pythonhosted.org/packages/2e/b9/8fe3ba5ed462067774ebc1f9c7f26aa7ebcc280ddd476be107153de1339e/grpcio-1.81.1-cp312-cp312-win_amd64.whl", hash = "sha256:3ad74f8bb1a18963914c5452d289422830b39459e8776ebbcd207be1fbfb1d94", size = 4930461, upload-time = "2026-06-11T12:45:45.775Z" },
    { url = "https://files.pythonhosted.org/packages/7a/42/dcc2e4b600538ef18327c0839d56b7d3c3812337c5d710df5877dbb39b1e/grpcio-1.81.1-cp313-cp313-linux_armv7l.whl", hash = "sha256:b10e1ff4756ed27d5a29d7fc79cfce7ef1ff56ad20025b89bac7cf79e09abbbe", size = 6054466, upload-time = "2026-06-11T12:45:48.43Z" },
    { url = "https://files.pythonhosted.org/packages/7b/4a/a36e03210183a8a7d4c80c3936acee679f4bd77d5861f369db47b2cc5f05/grpcio-1.81.1-cp313-cp313-macosx_11_0_universal2.whl", hash = "sha256:819edbdcb42ab8598b494bcf0222684bbb7a3c772bd1b1f0be7e029a6063c28e", size = 12048795, upload-time = "2026-06-11T12:45:54.011Z" },
    { url = "https://files.pythonhosted.org/packages/b0/d5/d68e30b29098f63beab6fe501100fe82674ff142b32c672532da86a99b3a/grpcio-1.81.1-cp313-cp313-manylinux2014_aarch64.manylinux_2_17_aarch64.whl", hash = "sha256:c5bf2dc311127d91230cc79b92188c082634a06cf66c5234db49a43b910183b0", size = 6599094, upload-time = "2026-06-11T12:45:57.799Z" },
    { url = "https://files.pythonhosted.org/packages/3d/b3/e837954d279754f638a11cca5dcf6b24a005efb398984cefaf7735945a54/grpcio-1.81.1-cp313-cp313-manylinux2014_i686.manylinux_2_17_i686.whl", hash = "sha256:e8ca6a1fcdb2943c9cbc1804a1baf3acb6071d72a471591678ded84218006e14", size = 7307182, upload-time = "2026-06-11T12:46:00.568Z" },
    { url = "https://files.pythonhosted.org/packages/0d/1e/b47957057e729adc6cdf519a47f8be2562b7140e280f1418443eb4022192/grpcio-1.81.1-cp313-cp313-manylinux2014_x86_64.manylinux_2_17_x86_64.whl", hash = "sha256:e64dd101d380a115cc5a0c7856788adb535f1a4e21fc543775602f8be95180ae", size = 6810962, upload-time = "2026-06-11T12:46:03.312Z" },
    { url = "https://files.pythonhosted.org/packages/40/26/569868e364e05b19ec8f969da53d230bcd89c962cd198f7c29943155c4d3/grpcio-1.81.1-cp313-cp313-musllinux_1_2_aarch64.whl", hash = "sha256:98a07f9bf591e3a8919797bee1c53f026ba4acd587e5a4404c8e57c9ec36b2a5", size = 7415698, upload-time = "2026-06-11T12:46:06.005Z" },
    { url = "https://files.pythonhosted.org/packages/36/0c/5440a0582cb5653fc42a6e262eeb22700943313f8076f9dc927491b20a59/grpcio-1.81.1-cp313-cp313-musllinux_1_2_i686.whl", hash = "sha256:c261d74b1a945cf895a9d6eccd1685a8e837531beaab782da4d630a8d12deffb", size = 8407779, upload-time = "2026-06-11T12:46:08.84Z" },
    { url = "https://files.pythonhosted.org/packages/ff/aa/66fe9f39871d766987d869a03ee0842a026f499c7b1e62decb9e78a8088e/grpcio-1.81.1-cp313-cp313-musllinux_1_2_x86_64.whl", hash = "sha256:58ad1131c300d3c9b933802b3cc4dc69d380822935ba50b28703156ea826fbf7", size = 7844521, upload-time = "2026-06-11T12:46:12.171Z" },
    { url = "https://files.pythonhosted.org/packages/f0/9e/69bb7194861bcd28fb3193261d4f9c3831b4446993f002cf59068943e7ab/grpcio-1.81.1-cp313-cp313-win32.whl", hash = "sha256:78e29211f26da2fdd0e9c6d2b79f489476140cf7029b6a64808ade7ca4156a42", size = 4182786, upload-time = "2026-06-11T12:46:15.192Z" },
    { url = "https://files.pythonhosted.org/packages/0d/20/3da8bb0d637feccdc3e1e419bb511ce93651ce7d54164f95de22cc0b8b34/grpcio-1.81.1-cp313-cp313-win_amd64.whl", hash = "sha256:edb59506291b647a30884b1d51a599d605f40b20af4a7dc3d33786a47a31de60", size = 4928648, upload-time = "2026-06-11T12:46:17.823Z" },
    { url = "https://files.pythonhosted.org/packages/b6/58/19414622b1bf6981bc9c05a365bd548e71876c89000083b3af489251e9c0/grpcio-1.81.1-cp314-cp314-linux_armv7l.whl", hash = "sha256:506f48f2f9c29b143fca3dad7b0d518c188b6c9648c75a2ae6e2d9f2c13a060b", size = 6055336, upload-time = "2026-06-11T12:46:20.557Z" },
    { url = "https://files.pythonhosted.org/packages/32/f1/2ec88adb92b0eba970dd0e0e7dd086341daa3c75eba4f735f9e44bf684b0/grpcio-1.81.1-cp314-cp314-macosx_11_0_universal2.whl", hash = "sha256:d865db4a6318e1c1bea83292e0ed231090538fc4ca45425b0f0480eb338bbc6e", size = 12056279, upload-time = "2026-06-11T12:46:24.255Z" },
    { url = "https://files.pythonhosted.org/packages/41/36/e8c5f8c6ec71de73733695ebc809e98b178b534ec6d8eaa31a7ebab4ad4c/grpcio-1.81.1-cp314-cp314-manylinux2014_aarch64.manylinux_2_17_aarch64.whl", hash = "sha256:e2aa72e3ce1770317ef534f63d397b55e130725f5149bd36077c3b539019db27", size = 6608225, upload-time = "2026-06-11T12:46:27.601Z" },
    { url = "https://files.pythonhosted.org/packages/30/22/96fc577a845ab093326d9ab1adb874bd4936c8cf98ac8ed2f3db13a0a2fb/grpcio-1.81.1-cp314-cp314-manylinux2014_i686.manylinux_2_17_i686.whl", hash = "sha256:0490c30c261eded63f3f354979f9dc4502a9fb944cccb60cd9dc85f5a7349854", size = 7306576, upload-time = "2026-06-11T12:46:30.514Z" },
    { url = "https://files.pythonhosted.org/packages/76/7b/61dab5d5969f28d97fb1009cead1df0a5cd987d3315e1b37f18a4449f8bc/grpcio-1.81.1-cp314-cp314-manylinux2014_x86_64.manylinux_2_17_x86_64.whl", hash = "sha256:410482da976329fe5f4067270401b12cf2bd552ff8020f054ecfaddb5475f9d6", size = 6812165, upload-time = "2026-06-11T12:46:33.699Z" },
    { url = "https://files.pythonhosted.org/packages/82/78/6e501929d4f5f96462fd82fd9f0f06e5f9612207582b862868d68757b27d/grpcio-1.81.1-cp314-cp314-musllinux_1_2_aarch64.whl", hash = "sha256:e3657301562ac3cb8018d30d0d3ebfa39932239f7b5703422057ef14b69949f5", size = 7422962, upload-time = "2026-06-11T12:46:36.511Z" },
    { url = "https://files.pythonhosted.org/packages/2a/7e/f2157589e66daa78ebb3165942d05a08bdea93b9d11c2bc1e172aef89685/grpcio-1.81.1-cp314-cp314-musllinux_1_2_i686.whl", hash = "sha256:24c8e57504c8f45b237e40b99262d181071e5099a07053695b75d97bb53053a0", size = 8408176, upload-time = "2026-06-11T12:46:39.803Z" },
    { url = "https://files.pythonhosted.org/packages/da/df/c6717fef716e00d235ffb96123baf6dce76d6004f6233fa767c502861460/grpcio-1.81.1-cp314-cp314-musllinux_1_2_x86_64.whl", hash = "sha256:b427c19380991a4eaab2f6144b64b99b412043314c6bf4ab544f97bb31ee4190", size = 7846681, upload-time = "2026-06-11T12:46:43.013Z" },
    { url = "https://files.pythonhosted.org/packages/36/84/3502e9f210a6a5c4438c8aca3f88edd2e04f6a27f3d41b26cf0a0024b096/grpcio-1.81.1-cp314-cp314-win32.whl", hash = "sha256:61233fe8951e5c85dff81c2458b6528624760166946b5b47ea150a589168411f", size = 4264615, upload-time = "2026-06-11T12:46:45.741Z" },
    { url = "https://files.pythonhosted.org/packages/ff/b0/4af731ff7492c68a96e4c71bfd0f4590acde92b31c6fe4894e6465c10ff6/grpcio-1.81.1-cp314-cp314-win_amd64.whl", hash = "sha256:3768a5ff1b2125e6f552e561b6b2dca0e64982d8949689b4df145cf8b98d7821", size = 5070275, upload-time = "2026-06-11T12:46:48.486Z" },
]

[[package]]
name = "protobuf"
version = "7.35.1"
source = { registry = "https://pypi.org/simple" }
sdist = { url = "https://files.pythonhosted.org/packages/da/01/9ef0afd7999eb9badb3a768b4aedd78c86d4c65cfaf1958ab276199e76b4/protobuf-7.35.1.tar.gz", hash = "sha256:ce115a26fe0c39a2c29973d914d327e516a6455464489fe3cd1e51a1b354f81a", size = 458717, upload-time = "2026-06-11T21:55:40.257Z" }
wheels = [
    { url = "https://files.pythonhosted.org/packages/10/03/8aeeb7458d22546bf64b5250ca1daeb5ff757d900e8e4a7476c6f0db843e/protobuf-7.35.1-cp310-abi3-macosx_10_9_universal2.whl", hash = "sha256:24f857477359a85c0c235261b8ba905fd51b2562f4a64ca1df5473f29850cbf6", size = 433226, upload-time = "2026-06-11T21:55:31.719Z" },
    { url = "https://files.pythonhosted.org/packages/37/4b/dfb89eb0e652a1ff073c39a59fb5e3a83cfe9b57a2c83fa6d78270101767/protobuf-7.35.1-cp310-abi3-manylinux2014_aarch64.whl", hash = "sha256:11d6b0ec246892d85215b0a13ca6e0233cf5284b68f0ac02646427f4ff88a799", size = 328847, upload-time = "2026-06-11T21:55:34.035Z" },
    { url = "https://files.pythonhosted.org/packages/0f/58/dc12f2cd484951524af6e3382c785869b9b3fb5e52ee95ae23add53ee8f9/protobuf-7.35.1-cp310-abi3-manylinux2014_s390x.whl", hash = "sha256:b73f9489a4b8b1c9cb1f8ed951c736392592edb24b9d6819f36d2e10b171d5b4", size = 344030, upload-time = "2026-06-11T21:55:34.941Z" },
    { url = "https://files.pythonhosted.org/packages/e4/be/5b3cfe508bfab6761414ff944e3366eb13be4fd71efcd69450f89ba39f43/protobuf-7.35.1-cp310-abi3-manylinux2014_x86_64.whl", hash = "sha256:74758715c53d7158fb76caf4f0cfdacc5329a4b1bb994f865d6cf302d413a1c4", size = 327130, upload-time = "2026-06-11T21:55:35.921Z" },
    { url = "https://files.pythonhosted.org/packages/d8/bc/6d6c7ba8709c85f8f2c390b2b118d6fb08a783676a572271851bf45a7d22/protobuf-7.35.1-cp310-abi3-win32.whl", hash = "sha256:353652e4efd0bca5b5fc2656abf8307ef351f0cf938c9eba09f0e09c20a25c30", size = 428945, upload-time = "2026-06-11T21:55:37.034Z" },
    { url = "https://files.pythonhosted.org/packages/0a/19/8d0cb6f20a1ef7b18f1c8986ad5783f22f84cce39c6ce9a6e645ea55192e/protobuf-7.35.1-cp310-abi3-win_amd64.whl", hash = "sha256:230a75ddfc2de4806e56696ce9640c1cdfdb6543b7cfce98d42a4c0a0e7bdb87", size = 439996, upload-time = "2026-06-11T21:55:38.123Z" },
    { url = "https://files.pythonhosted.org/packages/19/c7/5f7c636ec43e0c545e28d1f1db71990108306f7bdcb89f069ba97e428e7f/protobuf-7.35.1-py3-none-any.whl", hash = "sha256:4bc97768d8fe4ad6743c8a19403e314511ed9f6d13205b687e52421c023ac1b9", size = 171659, upload-time = "2026-06-11T21:55:39.155Z" },
]

[[package]]
name = "routine"
version = "0.1.0"
source = { editable = "." }
dependencies = [
    { name = "grpcio" },
    { name = "protobuf" },
]

[package.metadata]
requires-dist = [
    { name = "grpcio", specifier = ">=1.80.0" },
    { name = "protobuf", specifier = ">=6.31.1" },
]

[[package]]
name = "typing-extensions"
version = "4.16.0"
source = { registry = "https://pypi.org/simple" }
sdist = { url = "https://files.pythonhosted.org/packages/f6/cc/6253133b5bb138fc3306cebfbda2c520f545d36b5be2c7255cc528bb45d6/typing_extensions-4.16.0.tar.gz", hash = "sha256:dc983d19a509c94dba722ee6abd33940f7c05a89e243c47e907eb4db6f1a43e5", size = 113555, upload-time = "2026-07-02T08:40:05.92Z" }
wheels = [
    { url = "https://files.pythonhosted.org/packages/49/d3/b8441a820a491ddfc024b0b0cf0393375b75ea13866d9c66727e54c2fc80/typing_extensions-4.16.0-py3-none-any.whl", hash = "sha256:481caa481374e813c1b176ada14e97f1f67a4539ce9cfeb3f350d78d6370c2e8", size = 45571, upload-time = "2026-07-02T08:40:04.659Z" },
]
