version = 1
revision = 3
requires-python = ">=3.10"

[[package]]
name = "grpcio"
version = "1.81.1"
source = { registry = "https://pypi.org/simple" }
dependencies = [
    { name = "typing-extensions" },
]
sdist = { url = "https://files.pythonhosted.org/packages/b0/b5/1ff353970a87eda4c98251e34d2dfd214abd4982dc89119c9252a2a482d2/grpcio-1.81.1.tar.gz", hash = "sha256:6fa10a767143a5e82e8eaab53918af0cd8909a57a27f8cb2288b80a613ac671b", size = 13026582, upload-time = "2026-06-11T12:46:51.673Z" }
wheels = [
    { url = "https://files.pythonhosted.org/packages/9a/d5/f2b159d8eec08be2a855ef698f5b6f7f9fdda022e4dd9e4f5d968affd678/grpcio-1.81.1-cp310-cp310-linux_armv7l.whl", hash = "sha256:6f9a0c9c1cc15c112d1c053064fd032b64917062292c3d70aea280e02ae10b77", size = 6086868, upload-time = "2026-06-11T12:44:19.364Z" },
    { url = "https://files.pythonhosted.org/packages/80/41/9c95232b94b219ed8b14029d9cd000e0381cafba869c451dda60af84f4ba/grpcio-1.81.1-cp310-cp310-macosx_11_0_universal2.whl", hash = "sha256:69ef28e54fc85397f91b8c19592b8ef3d81952080366914823bd8572a2958120", size = 12062291, upload-time = "2026-06-11T12:44:27.142Z" },
    { url = "https://files.pythonhosted.org/packages/83/8b/bd9284bdd665ddf877a3e8bc2930d1bcf6ebdbae7b0da5c783dc26bd6e33/grpcio-1.81.1-cp310-cp310-manylinux2014_aarch64.manylinux_2_17_aarch64.whl", hash = "sha256:15641444eca4a29358107b3dceb74c1c6305c55c822fd199b458aaea4068a7fb", size = 6635242, upload-time = "2026-06-11T12:44:30.741Z" },
    { url = "https://files.pythonhosted.org/packages/60/24/78fa025517a925f1a17da71c4ef9d5f1c6f9fa65af22dfb523c5c6317a21/grpcio-1.81.1-cp310-cp310-manylinux2014_i686.manylinux_2_17_i686.whl", hash = "sha256:d4b2dddfc219f54f956ccd53cf76a1d338ffe68fc7f2849ec9c7feb9927ff692", size = 7332974, upload-time = "2026-06-11T12:44:33.72Z" },
    { url = "https://files.pythonhosted.org/packages/f7/11/402295b388dd35861007f8a26a37c2e2f284212d57bdf407c31f36043746/grpcio-1.81.1-cp310-cp310-manylinux2014_x86_64.manylinux_2_17_x86_64.whl", hash = "sha256:ca1cc11d82677b9662082e5478b7528e2b7db7beaa6bdff42bd62789d81be399", size = 6836597, upload-time = "2026-06-11T12:44:36.108Z" },
    { url = "https://files.pythonhosted.org/packages/4d/71/37b10fd4fd579ffade6e695c14e9df5e8cba9e2365b81c131da438b67c34/grpcio-1.81.1-cp310-cp310-musllinux_1_2_aarch64.whl", hash = "sha256:aa2ba7d2ad6df4d80127cea65e5b8d5e2c3adbf153ff4804452836328aca7c54", size = 7440660, upload-time = "2026-06-11T12:44:38.664Z" },
    { url = "https://files.pythonhosted.org/packages/4a/d5/40203f828abc83d458b634666df6df13778032f178c03845ad5a93682388/grpcio-1.81.1-cp310-cp310-musllinux_1_2_i686.whl", hash = "sha256:592b5fee597faa91cce2dd294dd7d9a1c83d76c4dbf877e33ec1adb866b2fbed", size = 8443171, upload-time = "2026-06-11T12:44:41.678Z" },
    { url = "https://files.pythonhosted.org/packages/eb/2c/0ed82ea35b5ec595e10444940c1db8c0e0ef57aa46bc8797d5ff838a219e/grpcio-1.81.1-cp310-cp310-musllinux_1_2_x86_64.whl", hash = "sha256:62481553b1793a27e9b9c3cf9e5bd483ef045ca72462592074b46d42b0c4d9b9", size = 7868905, upload-time = "2026-06-11T12:44:44.854Z" },
    { url = "https://files.pythonhosted.org/packages/9e/1f/dcbdc1a68a07cc2b631c3098953794f17d75f93426a019240b90ce5423d6/grpcio-1.81.1-cp310-cp310-win32.whl", hash = "sha256:bb693b1e3d9a2f3fd228e2110daf4b5aeedb36761ca1e4282f74725f6d89f611", size = 4202215, upload-time = "2026-06-11T12:44:47.165Z" },
    { url = "https://files.pythonhosted.org/packages/75/a1/d7ab9f1f42efcb7d9e6111d38be6b367737a72ea2c534e1f55c81e1b6436/grpcio-1.81.1-cp310-cp310-win_amd64.whl", hash = "sha256:88268ca418cacea64cecb0d1d600d3c6b3a8038fcba02e1e205178c5b1f47661", size = 4936582, upload-time = "2026-06-11T12:44:49.479Z" },
    { url = "https://files.pythonhosted.org/packages/52/ea/1c2fa386b718ff493225e61cfc052ef400b4d6ffc54cbe261026432624b5/grpcio-1.81.1-cp311-cp311-linux_armv7l.whl", hash = "sha256:d71d30f2d92f67d944631c523713934fee37292469e182ebcd2c1dd8a64ce53f", size = 6093112, upload-time = "2026-06-11T12:44:52.131Z" },
    { url = "https://files.pythonhosted.org/packages/2b/18/acf45fa8bd1bc5d7b0c2fd3dc4c209379fbd5bb396b440b68a83342226b7/grpcio-1.81.1-cp311-cp311-macosx_11_0_universal2.whl", hash = "sha256:b137f4bf3ada9dc44d411478decc6ff09a79ed30b306cd2abaa98408c3588137", size = 12074277, upload-time = "2026-06-11T12:44:55.354Z" },
    { url = "https://files.pythonhosted.org/packages/48/d7/ee86a60699b7db039f772a2c4a7e4facc7138984ff42c0130933a0063884/grpcio-1.81.1-cp311-cp311-manylinux2014_aarch64.manylinux_2_17_aarch64.whl", hash = "sha256:a3acb384427816dd5d470f47e62137b87f74da694faa8a50147012cf40df276a", size = 6640348, upload-time = "2026-06-11T12:44:59.223Z" },
    { url = "https://files.pythonhosted.org/packages/26/ee/d2de5e47378ffc207d476c230fea3be4d2601edbce9995f4fe45535d4896/grpcio-1.81.1-cp311-cp311-manylinux2014_i686.manylinux_2_17_i686.whl", hash = "sha256:f9a0ebbe45c29b5e5866593c12b78bd9035f0f0f0d4bc8361680cd580d99db49", size = 7331842, upload-time = "2026-06-11T12:45:02.001Z" },
    { url = "https://files.pythonhosted.org/packages/23/d6/abeda5c2b896a0b341584fe5ac411bbf72e197a9a374c355fb90965e08d2/grpcio-1.81.1-cp311-cp311-manylinux2014_x86_64.manylinux_2_17_x86_64.whl", hash = "sha256:0a37165cc80b1a368384b383e63a4c38116a10467ae44c904d2d7468c4470ec2", size = 6842229, upload-time = "2026-06-11T12:45:04.76Z" },
    { url = "https://files.pythonhosted.org/packages/10/1c/1f0da7d590b4aeee006826ba568d0e419ca14b23e18f901a3da3e9fba613/grpcio-1.81.1-cp311-cp311-musllinux_1_2_aarch64.whl", hash = "sha256:6282caffb41ec326d4cb67ca9cf53b739d1b2f975a2acb498c7418e9f7d9a416", size = 7446096, upload-time = "2026-06-11T12:45:07.499Z" },
    { url = "https://files.pythonhosted.org/packages/6a/81/5c505d508f7c887aa7982d21443a4126597c80d34b0bcf40f9cec576d7f3/grpcio-1.81.1-cp311-cp311-musllinux_1_2_i686.whl", hash = "sha256:a35009284d0d3d5c2c9601c164a911b8b4331608d98a9a66d47d97bb2f522b70", size = 8445238, upload-time = "2026-06-11T12:45:10.243Z" },
    { url = "https://files.pythonhosted.org/packages/f7/b2/524847365122ee509ca17bcc4e092198b700e94af7bfd5bb5e6dd9f3ee66/grpcio-1.81.1-cp311-cp311-musllinux_1_2_x86_64.whl", hash = "sha256:1b22c80559854b789a01fd89e8929b3798a156c0829b5282a8939f33ad4115ad", size = 7873989, upload-time = "2026-06-11T12:45:13.102Z" },
    { url = "https://files.pythonhosted.org/packages/18/fa/07c037c50b006909d1d13a5848774f8aa7b242f70dc03a035c64eea0e6db/grpcio-1.81.1-cp311-cp311-win32.whl", hash = "sha256:428bec0161b48d8cf583c068591bc0016d0d9cfff52462b72b3884861ea768c5", size = 4202223, upload-time = "2026-06-11T12:45:16.166Z" },
    { url = "https://files.pythonhosted.org/packages/41/ed/6bff15376920942fac6b95b9802752b837437172c9e8fc2d3170546b89cc/grpcio-1.81.1-cp311-cp311-win_amd64.whl", hash = "sha256:30e825f6848d9f18bba350ed6c75c1b02a0b5184474a31db9a32b1fa66fd8c79", size = 4941303, upload-time = "2026-06-11T12:45:18.724Z" },
    { url = "https://files.pythonhosted.org/packages/85/07/9a979c81738863a738dc23d65177056e71fbb2db817740ed870b33434e7a/grpcio-1.81.1-cp312-cp312-linux_armv7l.whl", hash = "sha256:8b39472beafc0bdcafc4c8c73ad082ebfdb449d566897a61e7acb4fa88089115", size = 6053264, upload-time = "2026-06-11T12:45:21.017Z" },
    { url = "https://files.pythonhosted.org/packages/75/95/539706ca0d3bd40dbad583dc56fd883da941f37556b629132da5762781b9/grpcio-1.81.1-cp312-cp312-macosx_11_0_universal2.whl", hash = "sha256:12b7524c88d4026d3dcb7b0ebe16b6714f3b4af402ddd0f0639ab064a00c87c3", size = 12052560, upload-time = "2026-06-11T12:45:23.652Z" },
    { url = "https://files.pythonhosted.org/packages/e0/44/f257b7e0bd69c93b06c6cb8ac8d1b901ccb42bedabd83c1a4c77a71f8810/grpcio-1.81.1-cp312-cp312-manylinux2014_aarch64.manylinux_2_17_aarch64.whl", hash = "sha256:1e123f9b37edb8375fd74130d1f69c944bbf0a7b06761ae7211154b8759e94d2", size = 6595983, upload-time = "2026-06-11T12:45:26.963Z" },
    { url = "https://files.pythonhosted.org/packages/b9/f3/19782aa04c960968bef8c5539329d8e3bbc3364e2e46d19eb5e5cc5e43b7/grpcio-1.81.1-cp312-cp312-manylinux2014_i686.manylinux_2_17_i686.whl", hash = "sha256:2c2e2ae6867c2966b8daccc836d54a13218e0007e9a490aeb81dd05be64d22d7", size = 7303455, upload-time = "2026-06-11T12:45:29.707Z" },
    { url = "https://files.pythonhosted.org/packages/eb/8c/dea020b6d91508cd84463917a63149ec196ee7db505d032ae43fcb3303b9/grpcio-1.81.1-cp312-cp312-manylinux2014_x86_64.manylinux_2_17_x86_64.whl", hash = "sha256:766bc7c9a9c340342f4c864ccbda8e78111e4751f13b895812b9c148fb79e9d0", size = 6809167, upload-time = "2026-06-11T12:45:32.52Z" },
    { url = "https://files.pythonhosted.org/packages/1c/c7/3030dd940408083bd32cd95d634777a71605ade4887154d93e8a89244946/grpcio-1.81.1-cp312-cp312-musllinux_1_2_aarch64.whl", hash = "sha256:b259a04a737cb3496be0901328eb8b7552ed8df4865d8c8f1cf1bffcfc0776a3", size = 7412536, upload-time = "2026-06-11T12:45:35.403Z" },
    { url = "https://files.pythonhosted.org/packages/e0/dd/1172a9e42b168edcafefad6115346ef619a3fc02158bb170e66ced24bcdd/grpcio-1.81.1-cp312-cp312-musllinux_1_2_i686.whl", hash = "sha256:85b10a45b8993d195c4f3ff57025b8d1e11834909ee475c403bfa60cb4caefaf", size = 8408276, upload-time = "2026-06-11T12:45:37.78Z" },
    { url = "https://files.pythonhosted.org/packages/25/7a/71437c7f3596e5246155c515852795a85a1a8d228190212432b13b97a95d/grpcio-1.81.1-cp312-cp312-musllinux_1_2_x86_64.whl", hash = "sha256:8ea1936c26b99999b27479853039a7f34713f56c49375ad52b38535ec93a796c", size = 7849660, upload-time = "2026-06-11T12:45:40.627Z" },
    { url = "https://files.pythonhosted.org/packages/65/40/7debc0da45d2efebafb82da75644be347497fe4ee250514b8cd3b86ae8bf/grpcio-1.81.1-cp312-cp312-win32.whl", hash = "sha256:a185a04039df6cae8648bc8ab6d6fde7bf94f7188ecf7828e76ac52eef1e41d6", size = 4185819, upload-time = "2026-06-11T12:45:43.027Z" },
    { url = "https://files.pythonhosted.org/packages/2e/b9/8fe3ba5ed462067774ebc1f9c7f26aa7ebcc280ddd476be107153de1339e/grpcio-1.81.1-cp312-cp312-win_amd64.whl", hash = "sha256:3ad74f8bb1a18963914c5452d289422830b39459e8776ebbcd207be1fbfb1d94", size = 4930461, upload-time = "2026-06-11T12:45:45.775Z" },
    { url = "https://files.pythonhosted.org/packages/7a/42/dcc2e4b600538ef18327c0839d56b7d3c3812337c5d710df5877dbb39b1e/grpcio-1.81.1-cp313-cp313-linux_armv7l.whl", hash = "sha256:b10e1ff4756ed27d5a29d7fc79cfce7ef1ff56ad20025b89bac7cf79e09abbbe", size = 6054466, upload-time = "2026-06-11T12:45:48.43Z" },
    { url = "https://files.pythonhosted.org/packages/7b/4a/a36e03210183a8a7d4c80c3936acee679f4bd77d5861f369db47b2cc5f05/grpcio-1.81.1-cp313-cp313-macosx_11_0_universal2.whl", hash = "sha256:819edbdcb42ab8598b494bcf0222684bbb7a3c772bd1b1f0be7e029a6063c28e", size = 12048795, upload-time = "2026-06-11T12:45:54.011Z" },
    { url = "https://files.pythonhosted.org/packages/b0/d5/d68e30b29098f63beab6fe501100fe82674ff142b32c672532da86a99b3a/grpcio-1.81.1-cp313-cp313-manylinux2014_aarch64.manylinux_2_17_aarch64.whl", hash = "sha256:c5bf2dc311127d91230cc79b92188c082634a06cf66c5234db49a43b910183b0", size = 6599094, upload-time = "2026-06-11T12:45:57.799Z" },
    { url = "https://files.pythonhosted.org/packages/3d/b3/e837954d279754f638a11cca5dcf6b24a005efb398984cefaf7735945a54/grpcio-1.81.1-cp313-cp313-manylinux2014_i686.manylinux_2_17_i686.whl", hash = "sha256:e8ca6a1fcdb2943c9cbc1804a1baf3acb6071d72a471591678ded84218006e14", size = 7307182, upload-time = "2026-06-11T12:46:00.568Z" },
    { url = "https://files.pythonhosted.org/packages/0d/1e/b47957057e729adc6cdf519a47f8be2562b7140e280f1418443eb4022192/grpcio-1.81.1-cp313-cp313-manylinux2014_x86_64.manylinux_2_17_x86_64.whl", hash = "sha256:e64dd101d380a115cc5a0c7856788adb535f1a4e21fc543775602f8be95180ae", size = 6810962, upload-time = "2026-06-11T12:46:03.312Z" },
    { url = "https://files.pythonhosted.org/packages/40/26/569868e364e05b19ec8f969da53d230bcd89c962cd198f7c29943155c4d3/grpcio-1.81.1-cp313-cp313-musllinux_1_2_aarch64.whl", hash = "sha256:98a07f9bf591e3a8919797bee1c53f026ba4acd587e5a4404c8e57c9ec36b2a5", size = 7415698, upload-time = "2026-06-11T12:46:06.005Z" },
    { url = "https://files.pythonhosted.org/packages/36/0c/5440a0582cb5653fc42a6e262eeb22700943313f8076f9dc927491b20a59/grpcio-1.81.1-cp313-cp313-musllinux_1_2_i686.whl", hash = "sha256:c261d74b1a945cf895a9d6eccd1685a8e837531beaab782da4d630a8d12deffb", size = 8407779, upload-time = "2026-06-11T12:46:08.84Z" },
    { url = "https://files.pythonhosted.org/packages/ff/aa/66fe9f39871d766987d869a03ee0842a026f499c7b1e62decb9e78a8088e/grpcio-1.81.1-cp313-cp313-musllinux_1_2_x86_64.whl", hash = "sha256:58ad1131c300d3c9b933802b3cc4dc69d380822935ba50b28703156ea826fbf7", size = 7844521, upload-time = "2026-06-11T12:46:12.171Z" },
    { url = "https://files.pythonhosted.org/packages/f0/9e/69bb7194861bcd28fb3193261d4f9c3831b4446993f002cf59068943e7ab/grpcio-1.81.1-cp313-cp313-win32.whl", hash = "sha256:78e29211f26da2fdd0e9c6d2b79f489476140cf7029b6a64808ade7ca4156a42", size = 4182786, upload-time = "2026-06-11T12:46:15.192Z" },
    { url = "https://files.pythonhosted.org/packages/0d/20/3da8bb0d637feccdc3e1e419bb511ce93651ce7d54164f95de22cc0b8b34/grpcio-1.81.1-cp313-cp313-win_amd64.whl", hash = "sha256:edb59506291b647a30884b1d51a599d605f40b20af4a7dc3d33786a47a31de60", size = 4928648, upload-time = "2026-06-11T12:46:17.823Z" },
    { url = "https://files.pythonhosted.org/packages/b6/58/19414622b1bf6981bc9c05a365bd548e71876c89000083b3af489251e9c0/grpcio-1.81.1-cp314-cp314-linux_armv7l.whl", hash = "sha256:506f48f2f9c29b143fca3dad7b0d518c188b6c9648c75a2ae6e2d9f2c13a060b", size = 6055336, upload-time = "2026-06-11T12:46:20.557Z" },
    { url = "https://files.pythonhosted.org/packages/32/f1/2ec88adb92b0eba970dd0e0e7dd086341daa3c75eba4f735f9e44bf684b0/grpcio-1.81.1-cp314-cp314-macosx_11_0_universal2.whl", hash = "sha256:d865db4a6318e1c1bea83292e0ed231090538fc4ca45425b0f0480eb338bbc6e", size = 12056279, upload-time = "2026-06-11T12:46:24.255Z" },
    { url = "https://files.pythonhosted.org/packages/41/36/e8c5f8c6ec71de73733695ebc809e98b178b534ec6d8eaa31a7ebab4ad4c/grpcio-1.81.1-cp314-cp314-manylinux2014_aarch64.manylinux_2_17_aarch64.whl", hash = "sha256:e2aa72e3ce1770317ef534f63d397b55e130725f5149bd36077c3b539019db27", size = 6608225, upload-time = "2026-06-11T12:46:27.601Z" },
    { url = "https://files.pythonhosted.org/packages/30/22/96fc577a845ab093326d9ab1adb874bd4936c8cf98ac8ed2f3db13a0a2fb/grpcio-1.81.1-cp314-cp314-manylinux2014_i686.manylinux_2_17_i686.whl", hash = "sha256:0490c30c261eded63f3f354979f9dc4502a9fb944cccb60cd9dc85f5a7349854", size = 7306576, upload-time = "2026-06-11T12:46:30.514Z" },
    { url = "https://files.pythonhosted.org/packages/76/7b/61dab5d5969f28d97fb1009cead1df0a5cd987d3315e1b37f18a4449f8bc/grpcio-1.81.1-cp314-cp314-manylinux2014_x86_64.manylinux_2_17_x86_64.whl", hash = "sha256:410482da976329fe5f4067270401b12cf2bd552ff8020f054ecfaddb5475f9d6", size = 6812165, upload-time = "2026-06-11T12:46:33.699Z" },
    { url = "https://files.pythonhosted.org/packages/82/78/6e501929d4f5f96462fd82fd9f0f06e5f9612207582b862868d68757b27d/grpcio-1.81.1-cp314-cp314-musllinux_1_2_aarch64.whl", hash = "sha256:e3657301562ac3cb8018d30d0d3ebfa39932239f7b5703422057ef14b69949f5", size = 7422962, upload-time = "2026-06-11T12:46:36.511Z" },
    { url = "https://files.pythonhosted.org/packages/2a/7e/f2157589e66daa78ebb3165942d05a08bdea93b9d11c2bc1e172aef89685/grpcio-1.81.1-cp314-cp314-musllinux_1_2_i686.whl", hash = "sha256:24c8e57504c8f45b237e40b99262d181071e5099a07053695b75d97bb53053a0", size = 8408176, upload-time = "2026-06-11T12:46:39.803Z" },
    { url = "https://files.pythonhosted.org/packages/da/df/c6717fef716e00d235ffb96123baf6dce76d6004f6233fa767c502861460/grpcio-1.81.1-cp314-cp314-musllinux_1_2_x86_64.whl", hash = "sha256:b427c19380991a4eaab2f6144b64b99b412043314c6bf4ab544f97bb31ee4190", size = 7846681, upload-time = "2026-06-11T12:46:43.013Z" },
    { url = "https://files.pythonhosted.org/packages/36/84/3502e9f210a6a5c4438c8aca3f88edd2e04f6a27f3d41b26cf0a0024b096/grpcio-1.81.1-cp314-cp314-win32.whl", hash = "sha256:61233fe8951e5c85dff81c2458b6528624760166946b5b47ea150a589168411f", size = 4264615, upload-time = "2026-06-11T12:46:45.741Z" },
    { url = "https://files.pythonhosted.org/packages/ff/b0/4af731ff7492c68a96e4c71bfd0f4590acde92b31c6fe4894e6465c10ff6/grpcio-1.81.1-cp314-cp314-win_amd64.whl", hash = "sha256:3768a5ff1b2125e6f552e561b6b2dca0e64982d8949689b4df145cf8b98d7821", size = 5070275, upload-time = "2026-06-11T12:46:48.486Z" },
]

[[package]]
name = "orjson"
version = "3.12.0"
source = { registry = "https://pypi.org/simple" }
sdist = { url = "https://files.pythonhosted.org/packages/0f/f3/742fb1f62b825f2c010697eaf4e828004bc2a81e7e806666989c132c7c42/orjson-3.12.0.tar.gz", hash = "sha256:d14203fb1aae2ad9b3d52f8a0e82aeb10197ef1c9bc61da7f358bd70b00123d5", size = 4142915, upload-time = "2026-08-14T16:13:30.607Z" }
wheels = [
    { url = "https://files.pythonhosted.org/packages/cf/35/819eeb4fa8ee676d38fdbb8213a76fd496f7dbbfdfafa89d34e02b22dfac/orjson-3.12.0-cp310-cp310-macosx_10_15_x86_64.macosx_11_0_arm64.macosx_10_15_universal2.whl", hash = "sha256:747843254519dd43b93eee3153a19e5a509334320c4d2f823ec879232db5c796", size = 224133, upload-time = "2026-08-14T16:12:00.607Z" },
    { url = "https://files.pythonhosted.org/packages/58/ab/d9221d4a2b085b073fcddc91728d490f20b9cf010c62c2f42371ab997695/orjson-3.12.0-cp310-cp310-manylinux2014_armv7l.manylinux_2_17_armv7l.whl", hash = "sha256:7c2ad193c8004254f34b499f3bd2c80f043d10754aff2b38f93da574f4883f98", size = 113669, upload-time = "2026-08-14T16:12:02.126Z" },
    { url = "https://files.pythonhosted.org/packages/15/12/644cbbcabb26df61d9ef0c66e6f2bf8b687cc7b66137597f2858951f1952/orjson-3.12.0-cp310-cp310-manylinux2014_i686.manylinux_2_17_i686.whl", hash = "sha256:bc7a872f03522d90e0429e6c0c5cd23084f767bedcb4c58048eec19294613344", size = 130410, upload-time = "2026-08-14T16:12:03.503Z" },
    { url = "https://files.pythonhosted.org/packages/14/6d/e3a8c34d687895aecd8b267a01c46106eb98d8424a83bfa7bacb723854f6/orjson-3.12.0-cp310-cp310-manylinux_2_17_aarch64.manylinux2014_aarch64.whl", hash = "sha256:18a87929f31d94a77f7dc93cf527e91f39ce7fe7813d588a4de2507efd32a387", size = 131101, upload-time = "2026-08-14T16:12:04.918Z" },
    { url = "https://files.pythonhosted.org/packages/75/20/930824c07685c22af23f26818ed3853b0270488a412b6ab757904b7f787b/orjson-3.12.0-cp310-cp310-manylinux_2_17_x86_64.manylinux2014_x86_64.whl", hash = "sha256:e9683ee9ea0659da64f36574ef675b8a86330c34c19ea75db1fb93c3ff99e0ef", size = 131479, upload-time = "2026-08-14T16:12:06.11Z" },
    { url = "https://files.pythonhosted.org/packages/4c/a6/22e863bbbe8917aa292e33e0db597000f9a07eb5e6f52efed623fa16bae1/orjson-3.12.0-cp310-cp310-musllinux_1_2_aarch64.whl", hash = "sha256:103b5db66aa53c1f9e88c2524be4f383e831ba7dfd5f9f5af6336a177c622f11", size = 135865, upload-time = "2026-08-14T16:12:07.392Z" },
    { url = "https://files.pythonhosted.org/packages/50/a0/ceb5008914a65e9a19a46a09d94bc67a74d120209fdfa772750023ceb377/orjson-3.12.0-cp310-cp310-musllinux_1_2_x86_64.whl", hash = "sha256:bd57d79aefa3f84eec851d6de7a366795b9345cfaf17f82b4820430a7a5fa241", size = 127843, upload-time = "2026-08-14T16:12:08.607Z" },
    { url = "https://files.pythonhosted.org/packages/12/3d/61c6b3b84c250cb09cb7229701ff77e4d763773ad7f577d0b6abf2892664/orjson-3.12.0-cp310-cp310-win32.whl", hash = "sha256:3dbce9b6b3074b31a5d5dd322a9c4e5b16f206091ece4194c2e36952847a105e", size = 128293, upload-time = "2026-08-14T16:12:09.819Z" },
    { url = "https://files.pythonhosted.org/packages/ce/0e/ea0f4a563253b6363195a4f704123c6bfbf156641bd3be5a75de81c5e917/orjson-3.12.0-cp310-cp310-win_amd64.whl", hash = "sha256:3bb17a06f9bd15237b3216c044209fe92597379124018cfc196fbb846cde64df", size = 122216, upload-time = "2026-08-14T16:12:11.261Z" },
    { url = "https://files.pythonhosted.org/packages/75/1a/a7075a8e8b0d3f5097d17ac3099017104b6b7b42012041147995d5b2da05/orjson-3.12.0-cp311-cp311-macosx_10_15_x86_64.macosx_11_0_arm64.macosx_10_15_universal2.whl", hash = "sha256:a94f0f0c6fcbb2b5bd9734c57a489c7584a732bbdf04a39e8c83b861e9d03e92", size = 223409, upload-time = "2026-08-14T16:12:12.654Z" },
    { url = "https://files.pythonhosted.org/packages/05/34/c2eb3b2900e5597db7841a4c6416ac2d90081bd956b02d4dd1833fa2b96b/orjson-3.12.0-cp311-cp311-macosx_15_0_arm64.whl", hash = "sha256:a696529ec96a90d9a5f9570207efe403c8b08f8e4aa2783ee3403511e2fdfa10", size = 124015, upload-time = "2026-08-14T16:12:14.025Z" },
    { url = "https://files.pythonhosted.org/packages/1c/df/b49081766a75b6a37b3d33bdc0a39e492abab8441dd25e3e1998e7b83fcb/orjson-3.12.0-cp311-cp311-manylinux2014_armv7l.manylinux_2_17_armv7l.whl", hash = "sha256:e4ac5059baab4b3acbd99485de019ff8cda0fdf34b61fa74f7197a53db78bfe8", size = 113471, upload-time = "2026-08-14T16:12:15.81Z" },
    { url = "https://files.pythonhosted.org/packages/48/d4/58ea28eeef95c2a27358ed927380a621162cf20bd740bbccf9c3f09a200a/orjson-3.12.0-cp311-cp311-manylinux2014_i686.manylinux_2_17_i686.whl", hash = "sha256:8e29957429c35bbb5a185a119c523aa2428b7bbf1a293724c7b9375ed8f892a3", size = 129998, upload-time = "2026-08-14T16:12:17.503Z" },
    { url = "https://files.pythonhosted.org/packages/e2/f4/1e82aa2efc9916422d804697876ce433c907a1abd7c7e5c6d3d48565e5f9/orjson-3.12.0-cp311-cp311-manylinux_2_17_aarch64.manylinux2014_aarch64.whl", hash = "sha256:dce0166feb0a737ab84f598c9a338cbc0b764a036617aa686194f53c7eba0c3e", size = 130891, upload-time = "2026-08-14T16:12:18.762Z" },
    { url = "https://files.pythonhosted.org/packages/5b/e1/15169e9d22b59a406264f99d6db387c0b0b12b6357a8a0169917c2a713eb/orjson-3.12.0-cp311-cp311-manylinux_2_17_x86_64.manylinux2014_x86_64.whl", hash = "sha256:9caf3d09f47c3c70c4451ada20ef9bc4a4cdffa26f49862cf0a253b329aae2d5", size = 131285, upload-time = "2026-08-14T16:12:20.251Z" },
    { url = "https://files.pythonhosted.org/packages/a4/3a/763dbd426290d044ec3e615a05e70adb6d8b6f95bf17dc355c0081a5e8b6/orjson-3.12.0-cp311-cp311-musllinux_1_2_aarch64.whl", hash = "sha256:b9dca132b1fda5565088e65a6b6e742285e0aeceb6fae549fa8863e16c7d3998", size = 135707, upload-time = "2026-08-14T16:12:21.652Z" },
    { url = "https://files.pythonhosted.org/packages/04/d1/3b2038ed168d22e14182ed715d6963f9c073a83a2ba43cfe918a4fc43c64/orjson-3.12.0-cp311-cp311-musllinux_1_2_x86_64.whl", hash = "sha256:a791f793b287bbc135b8e87c34e35c8bfc693e2a8a620fab1ae682b925f9a32e", size = 127669, upload-time = "2026-08-14T16:12:22.926Z" },
    { url = "https://files.pythonhosted.org/packages/88/ae/b84b3d3e65f5629ada0edcb1d2bccc55d7c5f89d8b981537ecdc3d6f31ec/orjson-3.12.0-cp311-cp311-win32.whl", hash = "sha256:31ed278a36304390adc3eec5d7f6fd593a7c3e99e5a06cd07866396c4b1b4710", size = 128043, upload-time = "2026-08-14T16:12:24.367Z" },
    { url = "https://files.pythonhosted.org/packages/35/24/2ed0e6f51ea3d0af45d807233a851175af75bec83ef5fd0d6a2601904ec0/orjson-3.12.0-cp311-cp311-win_amd64.whl", hash = "sha256:fb2539159dfe8d371914f354360fa50e4a577cc89222a3828b9650a5e5040252", size = 122084, upload-time = "2026-08-14T16:12:25.813Z" },
    { url = "https://files.pythonhosted.org/packages/21/dd/95d25fcfbc9471799ef6bb01c552d64ee5cde93ee40ba2f423dd3442c708/orjson-3.12.0-cp311-cp311-win_arm64.whl", hash = "sha256:61318b6de893c7a9d9f3e5ecbadccbfc26a7eb417ccc7bbf0771de3b4d72f868", size = 127035, upload-time = "2026-08-14T16:12:27.201Z" },
    { url = "https://files.pythonhosted.org/packages/be/4a/295da39c651c2faac8bd351a2a346f0fdedd9d50b847ee9dfc27d2207ef6/orjson-3.12.0-cp312-cp312-macosx_10_15_x86_64.macosx_11_0_arm64.macosx_10_15_universal2.whl", hash = "sha256:aa3e43a6846e91d7bde3d5a9c66090fcd8744f569a9b6cffc5e1ca38f6a461c0", size = 223427, upload-time = "2026-08-14T16:12:28.525Z" },
    { url = "https://files.pythonhosted.org/packages/29/98/758cf90fbeaaafb7f8141bfac75a432099959f3a2f5db93a412e876415d8/orjson-3.12.0-cp312-cp312-macosx_15_0_arm64.whl", hash = "sha256:11edb4660a6680abee9788a3a9072208a2c96538cc1322bd79542065229d8e54", size = 123725, upload-time = "2026-08-14T16:12:30.013Z" },
    { url = "https://files.pythonhosted.org/packages/32/b5/5b934d251f8651f7e41df180ad0c57a6e1cabe15c7bd331638413a50ebc9/orjson-3.12.0-cp312-cp312-manylinux2014_armv7l.manylinux_2_17_armv7l.whl", hash = "sha256:2d3a9da945a4d96ae758fdaaca56742e6b73b6fd554c5d8876f252a6dad70b83", size = 113375, upload-time = "2026-08-14T16:12:31.209Z" },
    { url = "https://files.pythonhosted.org/packages/cd/d2/37efb5b12a176ce3ced29f4144f20da57d02757f78ce549637dc1b4e1fc8/orjson-3.12.0-cp312-cp312-manylinux2014_i686.manylinux_2_17_i686.whl", hash = "sha256:92ffc09e07233a6ab6d4e067f7841edcbcc134cb4812155cf171ea5255a421d7", size = 129983, upload-time = "2026-08-14T16:12:32.721Z" },
    { url = "https://files.pythonhosted.org/packages/50/22/0644b87c73f13e0092df8f35a1fe280d991e5e90072087411e0dd7e44e0c/orjson-3.12.0-cp312-cp312-manylinux_2_17_aarch64.manylinux2014_aarch64.whl", hash = "sha256:bf44e374aadde77b1f6109f1030be51433eb61984379852766b6f4e187db7b1e", size = 130629, upload-time = "2026-08-14T16:12:34.084Z" },
    { url = "https://files.pythonhosted.org/packages/8c/57/80b986ebfecd9c6a177ddf1c2319717f0cd8feffb2b78946595a18a2fc88/orjson-3.12.0-cp312-cp312-manylinux_2_17_x86_64.manylinux2014_x86_64.whl", hash = "sha256:1192a7021b6d071aaf909864f6e924d6a2675ca360485b972b8401749311750b", size = 131245, upload-time = "2026-08-14T16:12:35.713Z" },
    { url = "https://files.pythonhosted.org/packages/80/3d/75c5ac5a69161f44492a68fbdde66f4cc4ce48cd5e1fb05918e46f0c8848/orjson-3.12.0-cp312-cp312-musllinux_1_2_aarch64.whl", hash = "sha256:53c0c474a9d9aff9aebfc0c88de1f28f843d940e6e3a80729abdf6a20274356f", size = 135397, upload-time = "2026-08-14T16:12:37.128Z" },
    { url = "https://files.pythonhosted.org/packages/71/93/4d71f2df314a97ff0d27a4559bf5888fc8406e3c6dec90e92291e3511215/orjson-3.12.0-cp312-cp312-musllinux_1_2_x86_64.whl", hash = "sha256:532ff8cd4bd59a327a953a7dcde922c7fc25b85e29721bb8633265430d3a3873", size = 127693, upload-time = "2026-08-14T16:12:38.627Z" },
    { url = "https://files.pythonhosted.org/packages/bc/1d/0dbc6be5adfd1730491072fb60beb6bcdf5d7b2596ee41b7fc2e298bfc09/orjson-3.12.0-cp312-cp312-win32.whl", hash = "sha256:a6cf4b18e7de173f209f2084ffbd736dd72389a396326ee80a7022168be232e5", size = 128000, upload-time = "2026-08-14T16:12:39.954Z" },
    { url = "https://files.pythonhosted.org/packages/2d/c9/97b1ce0112ebf5e949c775ed5b1755e562233179f3584579673cc24d6378/orjson-3.12.0-cp312-cp312-win_amd64.whl", hash = "sha256:010811c1b69773450a01cef97727a67b223242f350b77d4ca000e59a9ef2155a", size = 122106, upload-time = "2026-08-14T16:12:41.324Z" },
    { url = "https://files.pythonhosted.org/packages/a8/6a/facd8b312e4a0d3a7fa978c7e15821f74a336adf1d65529faec33b48e18b/orjson-3.12.0-cp312-cp312-win_arm64.whl", hash = "sha256:ad29eece0c601737f2a60edc2752a84e7a0785df3efb62e3012834700a5afe0d", size = 126869, upload-time = "2026-08-14T16:12:42.651Z" },
    { url = "https://files.pythonhosted.org/packages/54/cb/d7b78218a987eb8a8ce4eeae0286b1bb679333eb631ea0eeaf6371680bfc/orjson-3.12.0-cp313-cp313-macosx_10_15_x86_64.macosx_11_0_arm64.macosx_10_15_universal2.whl", hash = "sha256:9a36ec60f1796f9a3f13e3b98390295e17a1c7c10155b448d264098bf9ee5900", size = 223397, upload-time = "2026-08-14T16:12:44.003Z" },
    { url = "https://files.pythonhosted.org/packages/f8/4a/bc87c45e7ec639d35ebefd62618e01939531ac8e171426606a01bda05914/orjson-3.12.0-cp313-cp313-macosx_15_0_arm64.whl", hash = "sha256:ad0422b92d5195443a39f80c3bcf731cc2e00f153bd32063a47b73b057bd0f03", size = 123662, upload-time = "2026-08-14T16:12:45.433Z" },
    { url = "https://files.pythonhosted.org/packages/94/ee/c9a4ff3f2dbedbbe9e635d0fa72c8866adede09b6335ef9644f53752f0d8/orjson-3.12.0-cp313-cp313-manylinux2014_armv7l.manylinux_2_17_armv7l.whl", hash = "sha256:5a0fdbc216388f653d3752ff310e710f59253bd4ed6a2bfb3f4f06b84714bbd8", size = 113374, upload-time = "2026-08-14T16:12:46.755Z" },
    { url = "https://files.pythonhosted.org/packages/75/09/3f330a026a796c8b4c97a6f429652a5e912e7065039bf96ed25e42aa7b25/orjson-3.12.0-cp313-cp313-manylinux2014_i686.manylinux_2_17_i686.whl", hash = "sha256:2eb5c56e534127b2b8fa38d2363c8b1b8190367ee0d1d16c041517d880843b94", size = 130029, upload-time = "2026-08-14T16:12:48.06Z" },
    { url = "https://files.pythonhosted.org/packages/7d/40/094cc53126a3d22f76cdf83b6ea67338bed01d774037621a785aa8e6e5ea/orjson-3.12.0-cp313-cp313-manylinux_2_17_aarch64.manylinux2014_aarch64.whl", hash = "sha256:784106539f4b9d4b930e0b4eb8d45168507dae001945e71b4675a367f1e5e806", size = 130528, upload-time = "2026-08-14T16:12:49.362Z" },
    { url = "https://files.pythonhosted.org/packages/bc/74/89bb236deb9565f99434b13052bb40ddfcce4adf3afbfa3132ee7e421468/orjson-3.12.0-cp313-cp313-manylinux_2_17_x86_64.manylinux2014_x86_64.whl", hash = "sha256:1c680706fc8396d95e7c4c1f9482563f552137aef91b57237a3ad5aaf64629df", size = 131075, upload-time = "2026-08-14T16:12:50.692Z" },
    { url = "https://files.pythonhosted.org/packages/0c/ac/1176360d762c01b5bd34acd56fc098e936c491363d8b6b397ad4aa475547/orjson-3.12.0-cp313-cp313-musllinux_1_2_aarch64.whl", hash = "sha256:83445adc40cba26d6d621185a45128ce455b766af368cad2ab64b970603a7978", size = 135321, upload-time = "2026-08-14T16:12:52.114Z" },
    { url = "https://files.pythonhosted.org/packages/7a/02/bbd881c8b9276d50b998de38b4e97de8ace1aac940b0ee545aedbf65ed00/orjson-3.12.0-cp313-cp313-musllinux_1_2_x86_64.whl", hash = "sha256:644d005bc82f917337a95ce270c9f6f92f9834c2bed7b1477572f8db00784222", size = 127472, upload-time = "2026-08-14T16:12:53.517Z" },
    { url = "https://files.pythonhosted.org/packages/8e/02/a0934d7503e6dcbedd6afac3e7f3f8597fd09389949ad94d0f7540e9dbca/orjson-3.12.0-cp313-cp313-win32.whl", hash = "sha256:d8e78d3d93705e3d27cc17cdb209e44d7a8ea203010cac6ce9c7ffc1ae1996f1", size = 128000, upload-time = "2026-08-14T16:12:55.14Z" },
    { url = "https://files.pythonhosted.org/packages/52/87/69f98f8d40faff103a965a5fbb83f08241b01beaf92badb5413fbc9358cc/orjson-3.12.0-cp313-cp313-win_amd64.whl", hash = "sha256:b85931be5b6763c31283805c9bdaae1ca03ad9f6f12a15f1cbf6745b907932c2", size = 121841, upload-time = "2026-08-14T16:12:56.507Z" },
    { url = "https://files.pythonhosted.org/packages/e6/07/b83046a4e3cadcc0987d0f160696107c4af706a619b56e4ad01940cadadf/orjson-3.12.0-cp313-cp313-win_arm64.whl", hash = "sha256:6a31348d7dfa64cd9c78bd1f510ff44c48fe64d71094e6b90e364dba3b55949e", size = 126765, upload-time = "2026-08-14T16:12:57.806Z" },
    { url = "https://files.pythonhosted.org/packages/12/9d/3931253e6f3148abf2cbe14830367042a4806b362ea520df2303db188fb9/orjson-3.12.0-cp314-cp314-macosx_10_15_x86_64.macosx_11_0_arm64.macosx_10_15_universal2.whl", hash = "sha256:9e6fee342a48760e854d743e7a81534d8e2925a6f46e09f750cf56b50fd1de5d", size = 223391, upload-time = "2026-08-14T16:12:59.184Z" },
    { url = "https://files.pythonhosted.org/packages/8a/0e/b4a4f1e305367245877b967a0bad70fcf001d77c54ac4339a120b66fdae4/orjson-3.12.0-cp314-cp314-macosx_15_0_arm64.whl", hash = "sha256:8c3bb86dd10f39b3fbf434b7d5dc7cac77d6fc8ac572ae30a10731ede2c4b647", size = 123659, upload-time = "2026-08-14T16:13:00.548Z" },
    { url = "https://files.pythonhosted.org/packages/96/f3/6782c6fa85e2702bc66be183c3b421486167dcf266ee4dc1403fe3824870/orjson-3.12.0-cp314-cp314-manylinux2014_armv7l.manylinux_2_17_armv7l.whl", hash = "sha256:2bb3ce43203936072dd8b4917b01d3aecfc02329bfb42510cb7cfb24708adc9c", size = 113337, upload-time = "2026-08-14T16:13:02.009Z" },
    { url = "https://files.pythonhosted.org/packages/bf/79/b32ab64bacda9d0fa4942ef483bd03cabf0eaf2be819ca9fb7ff610c559d/orjson-3.12.0-cp314-cp314-manylinux2014_i686.manylinux_2_17_i686.whl", hash = "sha256:6a2a79c89984dc719817d388c8709e0efc2a2795a934eaa746b4882eb6045adc", size = 130112, upload-time = "2026-08-14T16:13:03.404Z" },
    { url = "https://files.pythonhosted.org/packages/ee/49/6e6142999ca01509219be5e5a9c338a3e5ea011f63e91ff473fbbf3734ed/orjson-3.12.0-cp314-cp314-manylinux_2_17_aarch64.manylinux2014_aarch64.whl", hash = "sha256:f06dd838d1e07d9b1de0932ec0485ec92c4d5f5d1ad4817a656268c3e88be1e1", size = 130520, upload-time = "2026-08-14T16:13:04.798Z" },
    { url = "https://files.pythonhosted.org/packages/49/d0/3745af0a4cc9867784f29722929cec4d10bd1c877cd754b01ba6d96eb21a/orjson-3.12.0-cp314-cp314-manylinux_2_17_x86_64.manylinux2014_x86_64.whl", hash = "sha256:c6b11be792c3d2c6a4be2af4ebf97a68d0bf5f580aca6e86a418a354f6cc846a", size = 131053, upload-time = "2026-08-14T16:13:06.14Z" },
    { url = "https://files.pythonhosted.org/packages/c3/f4/6fe5a22fa478fffb190e65c338c84df5c311ef597b363150a17cc57063c0/orjson-3.12.0-cp314-cp314-musllinux_1_2_aarch64.whl", hash = "sha256:477ecaf6b9f88f873341b91fcc736119ca81b5e002a9f7f308ff5b4f2ce2a70e", size = 135321, upload-time = "2026-08-14T16:13:07.544Z" },
    { url = "https://files.pythonhosted.org/packages/ff/41/b1b0ec30289646a81a76e2dbaae2686b96fcccb7cb0323dc1dd78cbc7875/orjson-3.12.0-cp314-cp314-musllinux_1_2_x86_64.whl", hash = "sha256:f3c0683136acdc29afdf88a5bc2f7d3d0e34087788d1d63c0144b805a87a196f", size = 127485, upload-time = "2026-08-14T16:13:08.88Z" },
    { url = "https://files.pythonhosted.org/packages/bf/2b/277404bdcc21c93b112b963655b76443ebfe828f8a3ff1de7d90f8850eb3/orjson-3.12.0-cp314-cp314-win32.whl", hash = "sha256:d39f3f5c3927e2dc0913fe5bbc1a2f6b1b9d1bba1de6358340d0ad0d0c00ca92", size = 128048, upload-time = "2026-08-14T16:13:10.305Z" },
    { url = "https://files.pythonhosted.org/packages/41/2b/395b36fa2b4ce7af70b651d715e88f80d884b2c2b14a6b53e84d554fb5f0/orjson-3.12.0-cp314-cp314-win_amd64.whl", hash = "sha256:0b1ac5bf6609b2716c7954011c5fef6254922df029f45d032ee4ebf5d363cbed", size = 121858, upload-time = "2026-08-14T16:13:11.634Z" },
    { url = "https://files.pythonhosted.org/packages/ea/a3/833e895ff452859eebe75093d26691fe9108f1a7a6a08435d7a5780ea652/orjson-3.12.0-cp314-cp314-win_arm64.whl", hash = "sha256:50fae885cb073eac7556353ff3df93312b0d5137b0a5056b2bb63f97ed9a93c7", size = 126749, upload-time = "2026-08-14T16:13:13.117Z" },
    { url = "https://files.pythonhosted.org/packages/58/64/99c8947ece10c17176af9aae85c4948f1d109da77440ec14d87239efaf73/orjson-3.12.0-cp315-cp315-macosx_10_15_x86_64.macosx_11_0_arm64.macosx_10_15_universal2.whl", hash = "sha256:01efac2074fffb4cb1ea3fab7861e9d0f2a26913854a972f5ac760525dbdaf6e", size = 223398, upload-time = "2026-08-14T16:13:14.694Z" },
    { url = "https://files.pythonhosted.org/packages/3e/30/cf983fe09f2731420fda097a9f7ef4343f47fa216c228961ad8f6da44f3d/orjson-3.12.0-cp315-cp315-macosx_15_0_arm64.whl", hash = "sha256:ed4ca42bd55955aa34deedcfdfd0e0c31abf51143aae158ae2bc3520b626e517", size = 123655, upload-time = "2026-08-14T16:13:16.221Z" },
    { url = "https://files.pythonhosted.org/packages/11/50/9cb8ae73fa4749dbbc20f617004213b5ff01c20aaeec34c3f31124f2c1d8/orjson-3.12.0-cp315-cp315-manylinux_2_39_aarch64.whl", hash = "sha256:40f92192227505acca4e2533ce565f8e6b9535f7d0d09b0968452f18b7376b38", size = 130515, upload-time = "2026-08-14T16:13:17.601Z" },
    { url = "https://files.pythonhosted.org/packages/9f/0a/adb6ce1a5b5fbf9cb1790f9961bb668a0dd5429aadaf6cee044724681795/orjson-3.12.0-cp315-cp315-manylinux_2_39_armv7l.whl", hash = "sha256:33efefcf5d88eaf400b47e2eba02f91f319bb9951be61ca500b7d536d3f2079d", size = 113327, upload-time = "2026-08-14T16:13:18.927Z" },
    { url = "https://files.pythonhosted.org/packages/51/5c/d17f61581d8dbdde7048f87a330fa24915edec38db4d72b381fec14fbb56/orjson-3.12.0-cp315-cp315-manylinux_2_39_i686.whl", hash = "sha256:8e386b0bc0ddd7cd2056f884b5a0af33592bd01ac66a7ca4b42a65a7e7774a13", size = 130105, upload-time = "2026-08-14T16:13:20.317Z" },
    { url = "https://files.pythonhosted.org/packages/9f/b7/938befcf33bee4704a92ecec6a2731224c539d939bf9429fd39396d28931/orjson-3.12.0-cp315-cp315-manylinux_2_39_x86_64.whl", hash = "sha256:58c58e1de0006ffb580368d6793c36c7b0b021db066479cf281bf5061e732328", size = 131049, upload-time = "2026-08-14T16:13:21.719Z" },
    { url = "https://files.pythonhosted.org/packages/b0/15/cfa2021d64d5aa8bb5c9f604ef375e00ec8b657651b5dd650b1b7ad13df1/orjson-3.12.0-cp315-cp315-musllinux_1_2_aarch64.whl", hash = "sha256:08231552159be266a7269555bd9f7c016aee7d9ad6dab06eb58796c5ccb7101c", size = 135320, upload-time = "2026-08-14T16:13:23.415Z" },
    { url = "https://files.pythonhosted.org/packages/1a/50/3e75dfe357c1e8f9e287c7a5740260ef15bd23a5299eae8d0835dcad5375/orjson-3.12.0-cp315-cp315-musllinux_1_2_x86_64.whl", hash = "sha256:a15f9a891bce5f5cc5d210e3ad8614d4d1b489a56448c099d6d2a7168b2d954a", size = 127488, upload-time = "2026-08-14T16:13:24.791Z" },
    { url = "https://files.pythonhosted.org/packages/11/a6/79aed402eb3ab284dc5b4791a7ad62c5875127de01b8e3f04bd92d551298/orjson-3.12.0-cp315-cp315-win32.whl", hash = "sha256:03091c8a64db4be38746597ceea68f33c238e27acd9bfe99fb59420224ae7a55", size = 128048, upload-time = "2026-08-14T16:13:26.217Z" },
    { url = "https://files.pythonhosted.org/packages/64/f7/2723e264aab7248c1ed6ecaad8e5d0cb866c0cffde75442102ffa7491aba/orjson-3.12.0-cp315-cp315-win_amd64.whl", hash = "sha256:2b7bcefb9f40fa242fa6b06377232c048e655747790829609168c01162f60578", size = 121860, upload-time = "2026-08-14T16:13:27.577Z" },
    { url = "https://files.pythonhosted.org/packages/82/56/630c9113ec8996778f1f0304b364b091b9a9db5fef5fdc17cca622f5ea24/orjson-3.12.0-cp315-cp315-win_arm64.whl", hash = "sha256:859fc4196855890150bb08e649b30d2c93b249b3e3edd0d3bb2231abf8aa8adc", size = 126754, upload-time = "2026-08-14T16:13:28.962Z" },
]

[[package]]
name = "protobuf"
version = "7.35.1"
source = { registry = "https://pypi.org/simple" }
sdist = { url = "https://files.pythonhosted.org/packages/da/01/9ef0afd7999eb9badb3a768b4aedd78c86d4c65cfaf1958ab276199e76b4/protobuf-7.35.1.tar.gz", hash = "sha256:ce115a26fe0c39a2c29973d914d327e516a6455464489fe3cd1e51a1b354f81a", size = 458717, upload-time = "2026-06-11T21:55:40.257Z" }
wheels = [
    { url = "https://files.pythonhosted.org/packages/10/03/8aeeb7458d22546bf64b5250ca1daeb5ff757d900e8e4a7476c6f0db843e/protobuf-7.35.1-cp310-abi3-macosx_10_9_universal2.whl", hash = "sha256:24f857477359a85c0c235261b8ba905fd51b2562f4a64ca1df5473f29850cbf6", size = 433226, upload-time = "2026-06-11T21:55:31.719Z" },
    { url = "https://files.pythonhosted.org/packages/37/4b/dfb89eb0e652a1ff073c39a59fb5e3a83cfe9b57a2c83fa6d78270101767/protobuf-7.35.1-cp310-abi3-manylinux2014_aarch64.whl", hash = "sha256:11d6b0ec246892d85215b0a13ca6e0233cf5284b68f0ac02646427f4ff88a799", size = 328847, upload-time = "2026-06-11T21:55:34.035Z" },
    { url = "https://files.pythonhosted.org/packages/0f/58/dc12f2cd484951524af6e3382c785869b9b3fb5e52ee95ae23add53ee8f9/protobuf-7.35.1-cp310-abi3-manylinux2014_s390x.whl", hash = "sha256:b73f9489a4b8b1c9cb1f8ed951c736392592edb24b9d6819f36d2e10b171d5b4", size = 344030, upload-time = "2026-06-11T21:55:34.941Z" },
    { url = "https://files.pythonhosted.org/packages/e4/be/5b3cfe508bfab6761414ff944e3366eb13be4fd71efcd69450f89ba39f43/protobuf-7.35.1-cp310-abi3-manylinux2014_x86_64.whl", hash = "sha256:74758715c53d7158fb76caf4f0cfdacc5329a4b1bb994f865d6cf302d413a1c4", size = 327130, upload-time = "2026-06-11T21:55:35.921Z" },
    { url = "https://files.pythonhosted.org/packages/d8/bc/6d6c7ba8709c85f8f2c390b2b118d6fb08a783676a572271851bf45a7d22/protobuf-7.35.1-cp310-abi3-win32.whl", hash = "sha256:353652e4efd0bca5b5fc2656abf8307ef351f0cf938c9eba09f0e09c20a25c30", size = 428945, upload-time = "2026-06-11T21:55:37.034Z" },
    { url = "https://files.pythonhosted.org/packages/0a/19/8d0cb6f20a1ef7b18f1c8986ad5783f22f84cce39c6ce9a6e645ea55192e/protobuf-7.35.1-cp310-abi3-win_amd64.whl", hash = "sha256:230a75ddfc2de4806e56696ce9640c1cdfdb6543b7cfce98d42a4c0a0e7bdb87", size = 439996, upload-time = "2026-06-11T21:55:38.123Z" },
    { url = "https://files.pythonhosted.org/packages/19/c7/5f7c636ec43e0c545e28d1f1db71990108306f7bdcb89f069ba97e428e7f/protobuf-7.35.1-py3-none-any.whl", hash = "sha256:4bc97768d8fe4ad6743c8a19403e314511ed9f6d13205b687e52421c023ac1b9", size = 171659, upload-time = "2026-06-11T21:55:39.155Z" },
]

[[package]]
name = "routine"
version = "0.1.0"
source = { editable = "." }
dependencies = [
    { name = "grpcio" },
    { name = "orjson" },
    { name = "protobuf" },
]

[package.metadata]
requires-dist = [
    { name = "grpcio", specifier = ">=1.80.0" },
    { name = "orjson", specifier = ">=3.10.0" },
    { name = "protobuf", specifier = ">=6.31.1" },
]

[[package]]
name = "typing-extensions"
version = "4.16.0"
source = { registry = "https://pypi.org/simple" }
sdist = { url = "https://files.pythonhosted.org/packages/f6/cc/6253133b5bb138fc3306cebfbda2c520f545d36b5be2c7255cc528bb45d6/typing_extensions-4.16.0.tar.gz", hash = "sha256:dc983d19a509c94dba722ee6abd33940f7c05a89e243c47e907eb4db6f1a43e5", size = 113555, upload-time = "2026-07-02T08:40:05.92Z" }
wheels = [
    { url = "https://files.pythonhosted.org/packages/49/d3/b8441a820a491ddfc024b0b0cf0393375b75ea13866d9c66727e54c2fc80/typing_extensions-4.16.0-py3-none-any.whl", hash = "sha256:481caa481374e813c1b176ada14e97f1f67a4539ce9cfeb3f350d78d6370c2e8", size = 45571, upload-time = "2026-07-02T08:40:04.659Z" },
]
